
Microsoft Visual Studio Solution File, Format Version 12.00
# Visual Studio 15
VisualStudioVersion = 15.0.28307.1000
MinimumVisualStudioVersion = 10.0.40219.1
Project("{FAE04EC0-301F-11D3-BF4B-00C04F79EFBC}") = "TiebaHelper", "TiebaHelper\TiebaHelper.csproj", "{E974CEF6-AFBC-46C7-BD29-3DEBB6306EAE}"
EndProject
Global
	GlobalSection(SolutionConfigurationPlatforms) = preSolution
		Debug|Any CPU = Debug|Any CPU
		Release|Any CPU = Release|Any CPU
	EndGlobalSection
	GlobalSection(ProjectConfigurationPlatforms) = postSolution
		{E974CEF6-AFBC-46C7-BD29-3DEBB6306EAE}.Debug|Any CPU.ActiveCfg = Debug|Any CPU
		{E974CEF6-AFBC-46C7-BD29-3DEBB6306EAE}.Debug|Any CPU.Build.0 = Debug|Any CPU
		{E974CEF6-AFBC-46C7-BD29-3DEBB6306EAE}.Release|Any CPU.ActiveCfg = Release|Any CPU
		{E974CEF6-AFBC-46C7-BD29-3DEBB6306EAE}.Release|Any CPU.Build.0 = Release|Any CPU
	EndGlobalSection
	GlobalSection(SolutionProperties) = preSolution
		HideSolutionNode = FALSE
	EndGlobalSection
	GlobalSection(ExtensibilityGlobals) = postSolution
		SolutionGuid = {5CE77EE4-7283-4DC9-A28A-C34B34D0AEB5}
	EndGlobalSection
EndGlobal
